
Microsoft Visual Studio Solution File, Format Version 12.00
# Visual Studio Version 17
VisualStudioVersion = 17.5.33502.453
MinimumVisualStudioVersion = 10.0.40219.1
Project("{9A19103F-16F7-4668-BE54-9A1E7A4F7556}") = "MeteoroCefet.API", "MeteoroCefet.API\MeteoroCefet.API.csproj", "{055D897A-B612-4650-A9B1-A5623D2E4386}"
EndProject
Project("{9A19103F-16F7-4668-BE54-9A1E7A4F7556}") = "MeteoroCefet.Application", "MeteoroCefet.Application\MeteoroCefet.Application.csproj", "{52509764-196C-4B85-B3C9-4B16ED143A3E}"
EndProject
Project("{9A19103F-16F7-4668-BE54-9A1E7A4F7556}") = "MeteoroCefet.Infra", "MeteoroCefet.Infra\MeteoroCefet.Infra.csproj", "{A079064A-B005-4463-892D-C23B390FCFE2}"
EndProject
Project("{9A19103F-16F7-4668-BE54-9A1E7A4F7556}") = "MeteoroCefet.Domain", "MeteoroCefet.Domain\MeteoroCefet.Domain.csproj", "{94AABF97-A792-4DC9-B09A-D4F7EE9B01CB}"
EndProject
Project("{9A19103F-16F7-4668-BE54-9A1E7A4F7556}") = "MeteoroCefet.Tests", "MeteoroCefet.Tests\MeteoroCefet.Tests.csproj", "{66AABDAF-0263-4C77-9BCB-41CE0DFF0F1D}"
EndProject
Project("{E53339B2-1760-4266-BCC7-CA923CBCF16C}") = "docker-compose", "docker-compose.dcproj", "{0ECA34C6-AF7B-43B2-A1A1-DD5B131ED1A7}"
EndProject
Project("{FAE04EC0-301F-11D3-BF4B-00C04F79EFBC}") = "MeteoroCefet.Benchmarks", "..\MeteoroCefet.Benchmarks\MeteoroCefet.Benchmarks.csproj", "{4AAD0CB7-C104-4D4C-82F9-6DE0A052C2BE}"
EndProject
Project("{2150E333-8FDC-42A3-9474-1A3956D46DE8}") = "Tests", "Tests", "{95ED8D8B-C8F1-4C39-AD4B-166F205906FD}"
EndProject
Global
	GlobalSection(SolutionConfigurationPlatforms) = preSolution
		Debug|Any CPU = Debug|Any CPU
		Release|Any CPU = Release|Any CPU
	EndGlobalSection
	GlobalSection(ProjectConfigurationPlatforms) = postSolution
		{055D897A-B612-4650-A9B1-A5623D2E4386}.Debug|Any CPU.ActiveCfg = Debug|Any CPU
		{055D897A-B612-4650-A9B1-A5623D2E4386}.Debug|Any CPU.Build.0 = Debug|Any CPU
		{055D897A-B612-4650-A9B1-A5623D2E4386}.Release|Any CPU.ActiveCfg = Release|Any CPU
		{055D897A-B612-4650-A9B1-A5623D2E4386}.Release|Any CPU.Build.0 = Release|Any CPU
		{52509764-196C-4B85-B3C9-4B16ED143A3E}.Debug|Any CPU.ActiveCfg = Debug|Any CPU
		{52509764-196C-4B85-B3C9-4B16ED143A3E}.Debug|Any CPU.Build.0 = Debug|Any CPU
		{52509764-196C-4B85-B3C9-4B16ED143A3E}.Release|Any CPU.ActiveCfg = Release|Any CPU
		{52509764-196C-4B85-B3C9-4B16ED143A3E}.Release|Any CPU.Build.0 = Release|Any CPU
		{A079064A-B005-4463-892D-C23B390FCFE2}.Debug|Any CPU.ActiveCfg = Debug|Any CPU
		{A079064A-B005-4463-892D-C23B390FCFE2}.Debug|Any CPU.Build.0 = Debug|Any CPU
		{A079064A-B005-4463-892D-C23B390FCFE2}.Release|Any CPU.ActiveCfg = Release|Any CPU
		{A079064A-B005-4463-892D-C23B390FCFE2}.Release|Any CPU.Build.0 = Release|Any CPU
		{94AABF97-A792-4DC9-B09A-D4F7EE9B01CB}.Debug|Any CPU.ActiveCfg = Debug|Any CPU
		{94AABF97-A792-4DC9-B09A-D4F7EE9B01CB}.Debug|Any CPU.Build.0 = Debug|Any CPU
		{94AABF97-A792-4DC9-B09A-D4F7EE9B01CB}.Release|Any CPU.ActiveCfg = Release|Any CPU
		{94AABF97-A792-4DC9-B09A-D4F7EE9B01CB}.Release|Any CPU.Build.0 = Release|Any CPU
		{66AABDAF-0263-4C77-9BCB-41CE0DFF0F1D}.Debug|Any CPU.ActiveCfg = Debug|Any CPU
		{66AABDAF-0263-4C77-9BCB-41CE0DFF0F1D}.Debug|Any CPU.Build.0 = Debug|Any CPU
		{66AABDAF-0263-4C77-9BCB-41CE0DFF0F1D}.Release|Any CPU.ActiveCfg = Release|Any CPU
		{66AABDAF-0263-4C77-9BCB-41CE0DFF0F1D}.Release|Any CPU.Build.0 = Release|Any CPU
		{0ECA34C6-AF7B-43B2-A1A1-DD5B131ED1A7}.Debug|Any CPU.ActiveCfg = Debug|Any CPU
		{0ECA34C6-AF7B-43B2-A1A1-DD5B131ED1A7}.Debug|Any CPU.Build.0 = Debug|Any CPU
		{0ECA34C6-AF7B-43B2-A1A1-DD5B131ED1A7}.Release|Any CPU.ActiveCfg = Release|Any CPU
		{0ECA34C6-AF7B-43B2-A1A1-DD5B131ED1A7}.Release|Any CPU.Build.0 = Release|Any CPU
		{4AAD0CB7-C104-4D4C-82F9-6DE0A052C2BE}.Debug|Any CPU.ActiveCfg = Debug|Any CPU
		{4AAD0CB7-C104-4D4C-82F9-6DE0A052C2BE}.Debug|Any CPU.Build.0 = Debug|Any CPU
		{4AAD0CB7-C104-4D4C-82F9-6DE0A052C2BE}.Release|Any CPU.ActiveCfg = Release|Any CPU
		{4AAD0CB7-C104-4D4C-82F9-6DE0A052C2BE}.Release|Any CPU.Build.0 = Release|Any CPU
	EndGlobalSection
	GlobalSection(SolutionProperties) = preSolution
		HideSolutionNode = FALSE
	EndGlobalSection
	GlobalSection(NestedProjects) = preSolution
		{66AABDAF-0263-4C77-9BCB-41CE0DFF0F1D} = {95ED8D8B-C8F1-4C39-AD4B-166F205906FD}
		{4AAD0CB7-C104-4D4C-82F9-6DE0A052C2BE} = {95ED8D8B-C8F1-4C39-AD4B-166F205906FD}
	EndGlobalSection
	GlobalSection(ExtensibilityGlobals) = postSolution
		SolutionGuid = {878965AA-1313-4EBC-8C65-5C19D366A23F}
	EndGlobalSection
EndGlobal
